
Microsoft Visual Studio Solution File, Format Version 12.00
# Visual Studio Version 17
VisualStudioVersion = 17.1.32328.378
MinimumVisualStudioVersion = 10.0.40219.1
Project("{9A19103F-16F7-4668-BE54-9A1E7A4F7556}") = "PermissionsN5", "PermissionsN5\PermissionsN5.csproj", "{B5BE1A14-9929-42D2-B038-F78F48FEA7D3}"
EndProject
Project("{FAE04EC0-301F-11D3-BF4B-00C04F79EFBC}") = "Domain", "Domain\Domain.csproj", "{94FCF222-F431-4418-9D67-C6DDCBABFD5A}"
EndProject
Project("{FAE04EC0-301F-11D3-BF4B-00C04F79EFBC}") = "Infrastructure", "Infrastructure\Infrastructure.csproj", "{EC920FB1-F937-46EF-BF8A-DDD008D53C60}"
EndProject
Global
	GlobalSection(SolutionConfigurationPlatforms) = preSolution
		Debug|Any CPU = Debug|Any CPU
		Release|Any CPU = Release|Any CPU
	EndGlobalSection
	GlobalSection(ProjectConfigurationPlatforms) = postSolution
		{B5BE1A14-9929-42D2-B038-F78F48FEA7D3}.Debug|Any CPU.ActiveCfg = Debug|Any CPU
		{B5BE1A14-9929-42D2-B038-F78F48FEA7D3}.Debug|Any CPU.Build.0 = Debug|Any CPU
		{B5BE1A14-9929-42D2-B038-F78F48FEA7D3}.Release|Any CPU.ActiveCfg = Release|Any CPU
		{B5BE1A14-9929-42D2-B038-F78F48FEA7D3}.Release|Any CPU.Build.0 = Release|Any CPU
		{94FCF222-F431-4418-9D67-C6DDCBABFD5A}.Debug|Any CPU.ActiveCfg = Debug|Any CPU
		{94FCF222-F431-4418-9D67-C6DDCBABFD5A}.Debug|Any CPU.Build.0 = Debug|Any CPU
		{94FCF222-F431-4418-9D67-C6DDCBABFD5A}.Release|Any CPU.ActiveCfg = Release|Any CPU
		{94FCF222-F431-4418-9D67-C6DDCBABFD5A}.Release|Any CPU.Build.0 = Release|Any CPU
		{EC920FB1-F937-46EF-BF8A-DDD008D53C60}.Debug|Any CPU.ActiveCfg = Debug|Any CPU
		{EC920FB1-F937-46EF-BF8A-DDD008D53C60}.Debug|Any CPU.Build.0 = Debug|Any CPU
		{EC920FB1-F937-46EF-BF8A-DDD008D53C60}.Release|Any CPU.ActiveCfg = Release|Any CPU
		{EC920FB1-F937-46EF-BF8A-DDD008D53C60}.Release|Any CPU.Build.0 = Release|Any CPU
	EndGlobalSection
	GlobalSection(SolutionProperties) = preSolution
		HideSolutionNode = FALSE
	EndGlobalSection
	GlobalSection(ExtensibilityGlobals) = postSolution
		SolutionGuid = {ACD185D0-244D-48CC-939C-38F98FA7F704}
	EndGlobalSection
EndGlobal
